
Microsoft Visual Studio Solution File, Format Version 12.00
# Visual Studio Version 16
VisualStudioVersion = 16.0.31729.503
MinimumVisualStudioVersion = 10.0.40219.1
Project("{FAE04EC0-301F-11D3-BF4B-00C04F79EFBC}") = "RedisNetCore", "RedisNetCore\RedisNetCore.csproj", "{89C7749D-9008-45BA-81D0-D2AF82AC4AA6}"
EndProject
Project("{FAE04EC0-301F-11D3-BF4B-00C04F79EFBC}") = "RedisNetCore.Data", "RedisNetCore.Data\RedisNetCore.Data.csproj", "{3D0A16F0-A482-4AE7-A2E4-611F200A43EA}"
EndProject
Global
	GlobalSection(SolutionConfigurationPlatforms) = preSolution
		Debug|Any CPU = Debug|Any CPU
		Release|Any CPU = Release|Any CPU
	EndGlobalSection
	GlobalSection(ProjectConfigurationPlatforms) = postSolution
		{89C7749D-9008-45BA-81D0-D2AF82AC4AA6}.Debug|Any CPU.ActiveCfg = Debug|Any CPU
		{89C7749D-9008-45BA-81D0-D2AF82AC4AA6}.Debug|Any CPU.Build.0 = Debug|Any CPU
		{89C7749D-9008-45BA-81D0-D2AF82AC4AA6}.Release|Any CPU.ActiveCfg = Release|Any CPU
		{89C7749D-9008-45BA-81D0-D2AF82AC4AA6}.Release|Any CPU.Build.0 = Release|Any CPU
		{3D0A16F0-A482-4AE7-A2E4-611F200A43EA}.Debug|Any CPU.ActiveCfg = Debug|Any CPU
		{3D0A16F0-A482-4AE7-A2E4-611F200A43EA}.Debug|Any CPU.Build.0 = Debug|Any CPU
		{3D0A16F0-A482-4AE7-A2E4-611F200A43EA}.Release|Any CPU.ActiveCfg = Release|Any CPU
		{3D0A16F0-A482-4AE7-A2E4-611F200A43EA}.Release|Any CPU.Build.0 = Release|Any CPU
	EndGlobalSection
	GlobalSection(SolutionProperties) = preSolution
		HideSolutionNode = FALSE
	EndGlobalSection
	GlobalSection(ExtensibilityGlobals) = postSolution
		SolutionGuid = {91E4BA44-73DD-4FD6-B66E-D1159F9AEB79}
	EndGlobalSection
EndGlobal
